PODS:
  - Flutter (1.0.0)
  - stripe_terminal (0.0.1):
    - Flutter
    - StripeTerminal (= 2.19.1)
  - StripeTerminal (2.19.1)

DEPENDENCIES:
  - Flutter (from `Flutter`)
  - stripe_terminal (from `.symlinks/plugins/stripe_terminal/ios`)

SPEC REPOS:
  trunk:
    - StripeTerminal

EXTERNAL SOURCES:
  Flutter:
    :path: Flutter
  stripe_terminal:
    :path: ".symlinks/plugins/stripe_terminal/ios"

SPEC CHECKSUMS:
  Flutter: f04841e97a9d0b0a8025694d0796dd46242b2854
  stripe_terminal: 112a60d44dc30ed6950b4f347f9f3edf6effe151
  StripeTerminal: 93e18a93c6f92e51ceedc5b78ab3075327075a80

PODFILE CHECKSUM: 7368163408c647b7eb699d0d788ba6718e18fb8d

COCOAPODS: 1.12.1
